
Microsoft Visual Studio Solution File, Format Version 12.00
# Visual Studio 15
VisualStudioVersion = 15.0.28010.2050
MinimumVisualStudioVersion = 10.0.40219.1
Project("{FAE04EC0-301F-11D3-BF4B-00C04F79EFBC}") = "ExceptionHandling", "ExceptionHandling\ExceptionHandling.csproj", "{FB40209B-ADA6-4BD5-AB06-A7F3087435E2}"
EndProject
Global
	GlobalSection(SolutionConfigurationPlatforms) = preSolution
		Debug|Any CPU = Debug|Any CPU
		Release|Any CPU = Release|Any CPU
	EndGlobalSection
	GlobalSection(ProjectConfigurationPlatforms) = postSolution
		{FB40209B-ADA6-4BD5-AB06-A7F3087435E2}.Debug|Any CPU.ActiveCfg = Debug|Any CPU
		{FB40209B-ADA6-4BD5-AB06-A7F3087435E2}.Debug|Any CPU.Build.0 = Debug|Any CPU
		{FB40209B-ADA6-4BD5-AB06-A7F3087435E2}.Release|Any CPU.ActiveCfg = Release|Any CPU
		{FB40209B-ADA6-4BD5-AB06-A7F3087435E2}.Release|Any CPU.Build.0 = Release|Any CPU
	EndGlobalSection
	GlobalSection(SolutionProperties) = preSolution
		HideSolutionNode = FALSE
	EndGlobalSection
	GlobalSection(ExtensibilityGlobals) = postSolution
		SolutionGuid = {91F65869-AD8B-47D3-807E-A057C391D2CF}
	EndGlobalSection
EndGlobal
