
Microsoft Visual Studio Solution File, Format Version 12.00
# Visual Studio 15
VisualStudioVersion = 15.0.28010.2048
MinimumVisualStudioVersion = 10.0.40219.1
Project("{FAE04EC0-301F-11D3-BF4B-00C04F79EFBC}") = "AboutStrings", "AboutStrings\AboutStrings.csproj", "{D7602BDB-6317-4FF2-A58F-BDC6FE317DAA}"
EndProject
Global
	GlobalSection(SolutionConfigurationPlatforms) = preSolution
		Debug|Any CPU = Debug|Any CPU
		Release|Any CPU = Release|Any CPU
	EndGlobalSection
	GlobalSection(ProjectConfigurationPlatforms) = postSolution
		{D7602BDB-6317-4FF2-A58F-BDC6FE317DAA}.Debug|Any CPU.ActiveCfg = Debug|Any CPU
		{D7602BDB-6317-4FF2-A58F-BDC6FE317DAA}.Debug|Any CPU.Build.0 = Debug|Any CPU
		{D7602BDB-6317-4FF2-A58F-BDC6FE317DAA}.Release|Any CPU.ActiveCfg = Release|Any CPU
		{D7602BDB-6317-4FF2-A58F-BDC6FE317DAA}.Release|Any CPU.Build.0 = Release|Any CPU
	EndGlobalSection
	GlobalSection(SolutionProperties) = preSolution
		HideSolutionNode = FALSE
	EndGlobalSection
	GlobalSection(ExtensibilityGlobals) = postSolution
		SolutionGuid = {259DB5C1-3B07-4396-A616-FBF0F0ACC9D5}
	EndGlobalSection
EndGlobal
