
Microsoft Visual Studio Solution File, Format Version 12.00
# Visual Studio 15
VisualStudioVersion = 15.0.28307.106
MinimumVisualStudioVersion = 10.0.40219.1
Project("{FAE04EC0-301F-11D3-BF4B-00C04F79EFBC}") = "CarInsuranceQuoteMVC", "CarInsuranceQuoteMVC\CarInsuranceQuoteMVC.csproj", "{48EA3A44-49AD-4761-ADE8-D94583A2EA88}"
EndProject
Global
	GlobalSection(SolutionConfigurationPlatforms) = preSolution
		Debug|Any CPU = Debug|Any CPU
		Release|Any CPU = Release|Any CPU
	EndGlobalSection
	GlobalSection(ProjectConfigurationPlatforms) = postSolution
		{48EA3A44-49AD-4761-ADE8-D94583A2EA88}.Debug|Any CPU.ActiveCfg = Debug|Any CPU
		{48EA3A44-49AD-4761-ADE8-D94583A2EA88}.Debug|Any CPU.Build.0 = Debug|Any CPU
		{48EA3A44-49AD-4761-ADE8-D94583A2EA88}.Release|Any CPU.ActiveCfg = Release|Any CPU
		{48EA3A44-49AD-4761-ADE8-D94583A2EA88}.Release|Any CPU.Build.0 = Release|Any CPU
	EndGlobalSection
	GlobalSection(SolutionProperties) = preSolution
		HideSolutionNode = FALSE
	EndGlobalSection
	GlobalSection(ExtensibilityGlobals) = postSolution
		SolutionGuid = {4F9870B8-3008-4B63-82B9-534F57A86897}
	EndGlobalSection
EndGlobal
