
Microsoft Visual Studio Solution File, Format Version 12.00
# Visual Studio 15
VisualStudioVersion = 15.0.28010.2050
MinimumVisualStudioVersion = 10.0.40219.1
Project("{FAE04EC0-301F-11D3-BF4B-00C04F79EFBC}") = "EnumDrill01", "EnumDrill01\EnumDrill01.csproj", "{ABDED6A9-8410-4CA9-AF8D-B350BC81CB1F}"
EndProject
Global
	GlobalSection(SolutionConfigurationPlatforms) = preSolution
		Debug|Any CPU = Debug|Any CPU
		Release|Any CPU = Release|Any CPU
	EndGlobalSection
	GlobalSection(ProjectConfigurationPlatforms) = postSolution
		{ABDED6A9-8410-4CA9-AF8D-B350BC81CB1F}.Debug|Any CPU.ActiveCfg = Debug|Any CPU
		{ABDED6A9-8410-4CA9-AF8D-B350BC81CB1F}.Debug|Any CPU.Build.0 = Debug|Any CPU
		{ABDED6A9-8410-4CA9-AF8D-B350BC81CB1F}.Release|Any CPU.ActiveCfg = Release|Any CPU
		{ABDED6A9-8410-4CA9-AF8D-B350BC81CB1F}.Release|Any CPU.Build.0 = Release|Any CPU
	EndGlobalSection
	GlobalSection(SolutionProperties) = preSolution
		HideSolutionNode = FALSE
	EndGlobalSection
	GlobalSection(ExtensibilityGlobals) = postSolution
		SolutionGuid = {12159648-40DA-4FA3-B9D5-0743AE12B1E8}
	EndGlobalSection
EndGlobal
