
Microsoft Visual Studio Solution File, Format Version 12.00
# Visual Studio 15
VisualStudioVersion = 15.0.28307.106
MinimumVisualStudioVersion = 10.0.40219.1
Project("{FAE04EC0-301F-11D3-BF4B-00C04F79EFBC}") = "ExceptionHandlingDrill02", "ExceptionHandlingDrill02\ExceptionHandlingDrill02.csproj", "{107A7454-C440-443D-AD66-13B2E65AD61B}"
EndProject
Global
	GlobalSection(SolutionConfigurationPlatforms) = preSolution
		Debug|Any CPU = Debug|Any CPU
		Release|Any CPU = Release|Any CPU
	EndGlobalSection
	GlobalSection(ProjectConfigurationPlatforms) = postSolution
		{107A7454-C440-443D-AD66-13B2E65AD61B}.Debug|Any CPU.ActiveCfg = Debug|Any CPU
		{107A7454-C440-443D-AD66-13B2E65AD61B}.Debug|Any CPU.Build.0 = Debug|Any CPU
		{107A7454-C440-443D-AD66-13B2E65AD61B}.Release|Any CPU.ActiveCfg = Release|Any CPU
		{107A7454-C440-443D-AD66-13B2E65AD61B}.Release|Any CPU.Build.0 = Release|Any CPU
	EndGlobalSection
	GlobalSection(SolutionProperties) = preSolution
		HideSolutionNode = FALSE
	EndGlobalSection
	GlobalSection(ExtensibilityGlobals) = postSolution
		SolutionGuid = {691D3AEA-1194-4514-8703-89E2160DA3F2}
	EndGlobalSection
EndGlobal
