
Microsoft Visual Studio Solution File, Format Version 12.00
# Visual Studio 15
VisualStudioVersion = 15.0.28010.2048
MinimumVisualStudioVersion = 10.0.40219.1
Project("{FAE04EC0-301F-11D3-BF4B-00C04F79EFBC}") = "AcmeSystemsExercise", "AcmeSystemsExercise\AcmeSystemsExercise.csproj", "{7809765E-F0DB-4BC2-B394-67812CBE8E5F}"
EndProject
Global
	GlobalSection(SolutionConfigurationPlatforms) = preSolution
		Debug|Any CPU = Debug|Any CPU
		Release|Any CPU = Release|Any CPU
	EndGlobalSection
	GlobalSection(ProjectConfigurationPlatforms) = postSolution
		{7809765E-F0DB-4BC2-B394-67812CBE8E5F}.Debug|Any CPU.ActiveCfg = Debug|Any CPU
		{7809765E-F0DB-4BC2-B394-67812CBE8E5F}.Debug|Any CPU.Build.0 = Debug|Any CPU
		{7809765E-F0DB-4BC2-B394-67812CBE8E5F}.Release|Any CPU.ActiveCfg = Release|Any CPU
		{7809765E-F0DB-4BC2-B394-67812CBE8E5F}.Release|Any CPU.Build.0 = Release|Any CPU
	EndGlobalSection
	GlobalSection(SolutionProperties) = preSolution
		HideSolutionNode = FALSE
	EndGlobalSection
	GlobalSection(ExtensibilityGlobals) = postSolution
		SolutionGuid = {0BDE7D68-6DC3-407D-9CB1-3D5837BEBE50}
	EndGlobalSection
EndGlobal
