
Microsoft Visual Studio Solution File, Format Version 12.00
# Visual Studio 15
VisualStudioVersion = 15.0.28010.2048
MinimumVisualStudioVersion = 10.0.40219.1
Project("{FAE04EC0-301F-11D3-BF4B-00C04F79EFBC}") = "WhileAndDoWhile", "WhileAndDoWhile\WhileAndDoWhile.csproj", "{40131E81-4CE3-47A0-8A5A-60C63C197F27}"
EndProject
Global
	GlobalSection(SolutionConfigurationPlatforms) = preSolution
		Debug|Any CPU = Debug|Any CPU
		Release|Any CPU = Release|Any CPU
	EndGlobalSection
	GlobalSection(ProjectConfigurationPlatforms) = postSolution
		{40131E81-4CE3-47A0-8A5A-60C63C197F27}.Debug|Any CPU.ActiveCfg = Debug|Any CPU
		{40131E81-4CE3-47A0-8A5A-60C63C197F27}.Debug|Any CPU.Build.0 = Debug|Any CPU
		{40131E81-4CE3-47A0-8A5A-60C63C197F27}.Release|Any CPU.ActiveCfg = Release|Any CPU
		{40131E81-4CE3-47A0-8A5A-60C63C197F27}.Release|Any CPU.Build.0 = Release|Any CPU
	EndGlobalSection
	GlobalSection(SolutionProperties) = preSolution
		HideSolutionNode = FALSE
	EndGlobalSection
	GlobalSection(ExtensibilityGlobals) = postSolution
		SolutionGuid = {03A959FA-5F02-43B5-A66B-3D4542FBC7DC}
	EndGlobalSection
EndGlobal
